// !$*UTF8*$!
{
	archiveVersion = 1;
	classes = {
	};
	objectVersion = 46;
	objects = {

/* Begin PBXBuildFile section */
		4D13DF3F1F9689260AE36F83 /* Pods_tempus.framework in Frameworks */ = {isa = PBXBuildFile; fileRef = 08E88DB2E7A740E9A2F92813 /* Pods_tempus.framework */; };
		5807755D1E4ECB3A0092ED8F /* SlideViewController.swift in Sources */ = {isa = PBXBuildFile; fileRef = 5807755C1E4ECB3A0092ED8F /* SlideViewController.swift */; };
		5807755F1E4ECB6A0092ED8F /* DiaryViewController.swift in Sources */ = {isa = PBXBuildFile; fileRef = 5807755E1E4ECB6A0092ED8F /* DiaryViewController.swift */; };
		5808951B1E52A47500F8D96B /* UserPageViewController.swift in Sources */ = {isa = PBXBuildFile; fileRef = 5808951A1E52A47500F8D96B /* UserPageViewController.swift */; };
		5808951E1E52C55700F8D96B /* UserProfileBarView.swift in Sources */ = {isa = PBXBuildFile; fileRef = 5808951D1E52C55700F8D96B /* UserProfileBarView.swift */; };
		580895201E52C70E00F8D96B /* UserProfileViewCell.swift in Sources */ = {isa = PBXBuildFile; fileRef = 5808951F1E52C70E00F8D96B /* UserProfileViewCell.swift */; };
		580895241E52E86200F8D96B /* UserInfoCell.swift in Sources */ = {isa = PBXBuildFile; fileRef = 580895231E52E86200F8D96B /* UserInfoCell.swift */; };
		580895261E52E87400F8D96B /* UserMeetingCell.swift in Sources */ = {isa = PBXBuildFile; fileRef = 580895251E52E87400F8D96B /* UserMeetingCell.swift */; };
		580895281E52F74E00F8D96B /* UserFollowingCell.swift in Sources */ = {isa = PBXBuildFile; fileRef = 580895271E52F74E00F8D96B /* UserFollowingCell.swift */; };
		5808952A1E52F78A00F8D96B /* MyProfileInfoCell.swift in Sources */ = {isa = PBXBuildFile; fileRef = 580895291E52F78A00F8D96B /* MyProfileInfoCell.swift */; };
		5808952C1E530F8C00F8D96B /* MinimizedMeetingCell.swift in Sources */ = {isa = PBXBuildFile; fileRef = 5808952B1E530F8C00F8D96B /* MinimizedMeetingCell.swift */; };
		5808952E1E531B8700F8D96B /* Cache.swift in Sources */ = {isa = PBXBuildFile; fileRef = 5808952D1E531B8700F8D96B /* Cache.swift */; };
		580895301E5428F900F8D96B /* Users.swift in Sources */ = {isa = PBXBuildFile; fileRef = 5808952F1E5428F900F8D96B /* Users.swift */; };
		580A22BF1E557CD200CF6E83 /* MeetingGiverDetailCell.swift in Sources */ = {isa = PBXBuildFile; fileRef = 580A22BE1E557CD200CF6E83 /* MeetingGiverDetailCell.swift */; };
		580A22C11E56D9A400CF6E83 /* FollowerCell.swift in Sources */ = {isa = PBXBuildFile; fileRef = 580A22C01E56D9A400CF6E83 /* FollowerCell.swift */; };
		580A22CF1E56F09200CF6E83 /* GothamRounded-Bold.otf in Resources */ = {isa = PBXBuildFile; fileRef = 580A22C21E56ECF100CF6E83 /* GothamRounded-Bold.otf */; };
		580A22D01E56F09500CF6E83 /* GothamRounded-BoldItalic.otf in Resources */ = {isa = PBXBuildFile; fileRef = 580A22C31E56ECF100CF6E83 /* GothamRounded-BoldItalic.otf */; };
		580A22D11E56F09700CF6E83 /* GothamRounded-Book.otf in Resources */ = {isa = PBXBuildFile; fileRef = 580A22C41E56ECF100CF6E83 /* GothamRounded-Book.otf */; };
		580A22D21E56F09C00CF6E83 /* GothamRounded-BookItalic.otf in Resources */ = {isa = PBXBuildFile; fileRef = 580A22C51E56ECF100CF6E83 /* GothamRounded-BookItalic.otf */; };
		580A22D31E56F09D00CF6E83 /* GothamRoundedMedium_21022.ttf in Resources */ = {isa = PBXBuildFile; fileRef = 580A22CD1E56ECF100CF6E83 /* GothamRoundedMedium_21022.ttf */; };
		580A22D41E56F09F00CF6E83 /* GothamRoundedLight_21020.ttf in Resources */ = {isa = PBXBuildFile; fileRef = 580A22CC1E56ECF100CF6E83 /* GothamRoundedLight_21020.ttf */; };
		580A22D51E56F0A100CF6E83 /* GothamRoundedBook_21018.ttf in Resources */ = {isa = PBXBuildFile; fileRef = 580A22CB1E56ECF100CF6E83 /* GothamRoundedBook_21018.ttf */; };
		580A22D61E56F0A600CF6E83 /* GothamRounded-LightItalic.otf in Resources */ = {isa = PBXBuildFile; fileRef = 580A22C71E56ECF100CF6E83 /* GothamRounded-LightItalic.otf */; };
		580A22D71E56F0AC00CF6E83 /* GothamRounded-Medium.otf in Resources */ = {isa = PBXBuildFile; fileRef = 580A22C81E56ECF100CF6E83 /* GothamRounded-Medium.otf */; };
		580A22D81E56F0AC00CF6E83 /* GothamRounded-MediumItalic.otf in Resources */ = {isa = PBXBuildFile; fileRef = 580A22C91E56ECF100CF6E83 /* GothamRounded-MediumItalic.otf */; };
		580A22D91E56F0AC00CF6E83 /* GothamRoundedBold_21016.ttf in Resources */ = {isa = PBXBuildFile; fileRef = 580A22CA1E56ECF100CF6E83 /* GothamRoundedBold_21016.ttf */; };
		580A22DA1E56F0B300CF6E83 /* GothamRounded-Light.otf in Resources */ = {isa = PBXBuildFile; fileRef = 580A22C61E56ECF100CF6E83 /* GothamRounded-Light.otf */; };
		580A22DC1E57473B00CF6E83 /* UserProfileModifyCell.swift in Sources */ = {isa = PBXBuildFile; fileRef = 580A22DB1E57473B00CF6E83 /* UserProfileModifyCell.swift */; };
		580BCBCB1E54DA6F007AFFE3 /* ChattingHistoryViewController.swift in Sources */ = {isa = PBXBuildFile; fileRef = 580BCBCA1E54DA6F007AFFE3 /* ChattingHistoryViewController.swift */; };
		580BCBCD1E54DFDE007AFFE3 /* ChattingWithNewOneViewController.swift in Sources */ = {isa = PBXBuildFile; fileRef = 580BCBCC1E54DFDE007AFFE3 /* ChattingWithNewOneViewController.swift */; };
		580BCBCF1E5545D3007AFFE3 /* UserCell.swift in Sources */ = {isa = PBXBuildFile; fileRef = 580BCBCE1E5545D3007AFFE3 /* UserCell.swift */; };
		580BCBD11E555BB8007AFFE3 /* Message.swift in Sources */ = {isa = PBXBuildFile; fileRef = 580BCBD01E555BB8007AFFE3 /* Message.swift */; };
		580CB5F71E4E6F85008658CA /* Meeting.swift in Sources */ = {isa = PBXBuildFile; fileRef = 580CB5F61E4E6F85008658CA /* Meeting.swift */; };
		580FB47C1E52217A0057DA21 /* MainTabBarController.swift in Sources */ = {isa = PBXBuildFile; fileRef = 580FB47B1E52217A0057DA21 /* MainTabBarController.swift */; };
		580FB47E1E5225CD0057DA21 /* ChattingViewController.swift in Sources */ = {isa = PBXBuildFile; fileRef = 580FB47D1E5225CD0057DA21 /* ChattingViewController.swift */; };
		580FB4801E5225E20057DA21 /* CommunityViewController.swift in Sources */ = {isa = PBXBuildFile; fileRef = 580FB47F1E5225E20057DA21 /* CommunityViewController.swift */; };
		580FB4821E5225ED0057DA21 /* SignInRequiredViewController.swift in Sources */ = {isa = PBXBuildFile; fileRef = 580FB4811E5225ED0057DA21 /* SignInRequiredViewController.swift */; };
		580FB4841E52260D0057DA21 /* SettingsViewController.swift in Sources */ = {isa = PBXBuildFile; fileRef = 580FB4831E52260D0057DA21 /* SettingsViewController.swift */; };
		580FB4861E5232B70057DA21 /* SignInViewController.swift in Sources */ = {isa = PBXBuildFile; fileRef = 580FB4851E5232B70057DA21 /* SignInViewController.swift */; };
		5811210A1E4F0227004D1C85 /* SlideCell.swift in Sources */ = {isa = PBXBuildFile; fileRef = 581121091E4F0227004D1C85 /* SlideCell.swift */; };
		5811210C1E4F0274004D1C85 /* SlideCoverCell.swift in Sources */ = {isa = PBXBuildFile; fileRef = 5811210B1E4F0274004D1C85 /* SlideCoverCell.swift */; };
		5811210E1E4F0280004D1C85 /* SlideDetailCell.swift in Sources */ = {isa = PBXBuildFile; fileRef = 5811210D1E4F0280004D1C85 /* SlideDetailCell.swift */; };
		581121111E501DC0004D1C85 /* FirebaseDataService.swift in Sources */ = {isa = PBXBuildFile; fileRef = 581121101E501DC0004D1C85 /* FirebaseDataService.swift */; };
		581121131E501DCF004D1C85 /* RestApiDataService.swift in Sources */ = {isa = PBXBuildFile; fileRef = 581121121E501DCF004D1C85 /* RestApiDataService.swift */; };
		581121151E50415E004D1C85 /* MeetingAddViewController.swift in Sources */ = {isa = PBXBuildFile; fileRef = 581121141E50415E004D1C85 /* MeetingAddViewController.swift */; };
		583BB5BD1E4D486B000FDA44 /* Constants.swift in Sources */ = {isa = PBXBuildFile; fileRef = 583BB5BC1E4D486B000FDA44 /* Constants.swift */; };
		583BB5BF1E4D4F9C000FDA44 /* MeetingCell.swift in Sources */ = {isa = PBXBuildFile; fileRef = 583BB5BE1E4D4F9C000FDA44 /* MeetingCell.swift */; };
		583BB5C31E4D551A000FDA44 /* DownloadImageView.swift in Sources */ = {isa = PBXBuildFile; fileRef = 583BB5C21E4D551A000FDA44 /* DownloadImageView.swift */; };
		583BB5C51E4D9258000FDA44 /* CategoryBarView.swift in Sources */ = {isa = PBXBuildFile; fileRef = 583BB5C41E4D9258000FDA44 /* CategoryBarView.swift */; };
		583BB5C71E4D9A73000FDA44 /* CategoryViewCell.swift in Sources */ = {isa = PBXBuildFile; fileRef = 583BB5C61E4D9A73000FDA44 /* CategoryViewCell.swift */; };
		5841BD641E5049DA001E6186 /* MeetingAddCell.swift in Sources */ = {isa = PBXBuildFile; fileRef = 5841BD631E5049DA001E6186 /* MeetingAddCell.swift */; };
		5841BD661E5049ED001E6186 /* MeetingAddCoverCell.swift in Sources */ = {isa = PBXBuildFile; fileRef = 5841BD651E5049ED001E6186 /* MeetingAddCoverCell.swift */; };
		5841BD681E5049FA001E6186 /* MeetingAddDetailCell.swift in Sources */ = {isa = PBXBuildFile; fileRef = 5841BD671E5049FA001E6186 /* MeetingAddDetailCell.swift */; };
		5841BD6A1E50776E001E6186 /* MeetingAddViewController_ext.swift in Sources */ = {isa = PBXBuildFile; fileRef = 5841BD691E50776E001E6186 /* MeetingAddViewController_ext.swift */; };
		58CCD4B11E59330E009B29F8 /* ChatMessageCell.swift in Sources */ = {isa = PBXBuildFile; fileRef = 58CCD4B01E59330E009B29F8 /* ChatMessageCell.swift */; };
		58CCD4B31E5A334E009B29F8 /* CommunityMyListViewController.swift in Sources */ = {isa = PBXBuildFile; fileRef = 58CCD4B21E5A334E009B29F8 /* CommunityMyListViewController.swift */; };
		58CCD4B51E5A8E8D009B29F8 /* SelfMadeMeetingListCell.swift in Sources */ = {isa = PBXBuildFile; fileRef = 58CCD4B41E5A8E8D009B29F8 /* SelfMadeMeetingListCell.swift */; };
		58D2AAD61E4ACB510084CE80 /* AppDelegate.swift in Sources */ = {isa = PBXBuildFile; fileRef = 58D2AAD51E4ACB510084CE80 /* AppDelegate.swift */; };
		58D2AAD81E4ACB510084CE80 /* MeetingListViewController.swift in Sources */ = {isa = PBXBuildFile; fileRef = 58D2AAD71E4ACB510084CE80 /* MeetingListViewController.swift */; };
		58D2AADE1E4ACB510084CE80 /* tempus.xcdatamodeld in Sources */ = {isa = PBXBuildFile; fileRef = 58D2AADC1E4ACB510084CE80 /* tempus.xcdatamodeld */; };
		58D2AAE01E4ACB510084CE80 /* Assets.xcassets in Resources */ = {isa = PBXBuildFile; fileRef = 58D2AADF1E4ACB510084CE80 /* Assets.xcassets */; };
		58D2AAE31E4ACB510084CE80 /* LaunchScreen.storyboard in Resources */ = {isa = PBXBuildFile; fileRef = 58D2AAE11E4ACB510084CE80 /* LaunchScreen.storyboard */; };
		58D2AAEE1E4ACB510084CE80 /* tempusTests.swift in Sources */ = {isa = PBXBuildFile; fileRef = 58D2AAED1E4ACB510084CE80 /* tempusTests.swift */; };
		58D2AB011E4ACE390084CE80 /* MainNavigationController.swift in Sources */ = {isa = PBXBuildFile; fileRef = 58D2AB001E4ACE390084CE80 /* MainNavigationController.swift */; };
		58D2AB031E4ACEAB0084CE80 /* OnboardingViewController.swift in Sources */ = {isa = PBXBuildFile; fileRef = 58D2AB021E4ACEAB0084CE80 /* OnboardingViewController.swift */; };
		58D2AB051E4ACEFB0084CE80 /* OnboardingViewController_ext.swift in Sources */ = {isa = PBXBuildFile; fileRef = 58D2AB041E4ACEFB0084CE80 /* OnboardingViewController_ext.swift */; };
		58D2AB071E4AD07D0084CE80 /* OnboardingPage.swift in Sources */ = {isa = PBXBuildFile; fileRef = 58D2AB061E4AD07D0084CE80 /* OnboardingPage.swift */; };
		58D2AB091E4AD0D80084CE80 /* UIView_ext.swift in Sources */ = {isa = PBXBuildFile; fileRef = 58D2AB081E4AD0D80084CE80 /* UIView_ext.swift */; };
		58D2AB0B1E4AD4330084CE80 /* OnboardingPageCell.swift in Sources */ = {isa = PBXBuildFile; fileRef = 58D2AB0A1E4AD4330084CE80 /* OnboardingPageCell.swift */; };
		58D2AB0D1E4AD48A0084CE80 /* BaseCell.swift in Sources */ = {isa = PBXBuildFile; fileRef = 58D2AB0C1E4AD48A0084CE80 /* BaseCell.swift */; };
		58D2AB0F1E4ADC7A0084CE80 /* OnboardingCoverPageCell.swift in Sources */ = {isa = PBXBuildFile; fileRef = 58D2AB0E1E4ADC7A0084CE80 /* OnboardingCoverPageCell.swift */; };
		58D2E2781E4CB4860084B2C9 /* MeetingListCell.swift in Sources */ = {isa = PBXBuildFile; fileRef = 58D2E2771E4CB4860084B2C9 /* MeetingListCell.swift */; };
		58FCAAD91E4B00EA002F5B0A /* GoogleService-Info.plist in Resources */ = {isa = PBXBuildFile; fileRef = 58FCAAD81E4B00EA002F5B0A /* GoogleService-Info.plist */; };
		58FCAADB1E4B0663002F5B0A /* MeetingViewController.swift in Sources */ = {isa = PBXBuildFile; fileRef = 58FCAADA1E4B0663002F5B0A /* MeetingViewController.swift */; };
		58FCAADD1E4B2756002F5B0A /* MeetingViewTopPanelCell.swift in Sources */ = {isa = PBXBuildFile; fileRef = 58FCAADC1E4B2756002F5B0A /* MeetingViewTopPanelCell.swift */; };
		58FCAADF1E4B276E002F5B0A /* MeetingViewBottomPanelCell.swift in Sources */ = {isa = PBXBuildFile; fileRef = 58FCAADE1E4B276E002F5B0A /* MeetingViewBottomPanelCell.swift */; };
		58FCAAE11E4C2436002F5B0A /* MeetingViewController_ext.swift in Sources */ = {isa = PBXBuildFile; fileRef = 58FCAAE01E4C2436002F5B0A /* MeetingViewController_ext.swift */; };
		58FCAAE31E4C2ADC002F5B0A /* RecommendedMeetingViewCell.swift in Sources */ = {isa = PBXBuildFile; fileRef = 58FCAAE21E4C2ADC002F5B0A /* RecommendedMeetingViewCell.swift */; };
		58FCAAE71E4C382E002F5B0A /* CategoryMeetingViewCell.swift in Sources */ = {isa = PBXBuildFile; fileRef = 58FCAAE61E4C382E002F5B0A /* CategoryMeetingViewCell.swift */; };
		58FCAAE91E4C3A0D002F5B0A /* MeetingCategoryContent.swift in Sources */ = {isa = PBXBuildFile; fileRef = 58FCAAE81E4C3A0D002F5B0A /* MeetingCategoryContent.swift */; };
		58FCAAEB1E4C4414002F5B0A /* MeetingTopPanelContent.swift in Sources */ = {isa = PBXBuildFile; fileRef = 58FCAAEA1E4C4414002F5B0A /* MeetingTopPanelContent.swift */; };
		58FCAAED1E4C44A7002F5B0A /* MeetingBottomPanelContent.swift in Sources */ = {isa = PBXBuildFile; fileRef = 58FCAAEC1E4C44A7002F5B0A /* MeetingBottomPanelContent.swift */; };
		A89D3980CC287D1CF9315CE8 /* Pods_tempusTests.framework in Frameworks */ = {isa = PBXBuildFile; fileRef = B7F65C803CE4864764B11C7F /* Pods_tempusTests.framework */; };
/* End PBXBuildFile section */

/* Begin PBXContainerItemProxy section */
		58D2AAEA1E4ACB510084CE80 /* PBXContainerItemProxy */ = {
			isa = PBXContainerItemProxy;
			containerPortal = 58D2AACA1E4ACB510084CE80 /* Project object */;
			proxyType = 1;
			remoteGlobalIDString = 58D2AAD11E4ACB510084CE80;
			remoteInfo = tempus;
		};
/* End PBXContainerItemProxy section */

/* Begin PBXFileReference section */
		08E88DB2E7A740E9A2F92813 /* Pods_tempus.framework */ = {isa = PBXFileReference; explicitFileType = wrapper.framework; includeInIndex = 0; path = Pods_tempus.framework; sourceTree = BUILT_PRODUCTS_DIR; };
		1B46B7A0A187E515B862B170 /* Pods-tempus.release.xcconfig */ = {isa = PBXFileReference; includeInIndex = 1; lastKnownFileType = text.xcconfig; name = "Pods-tempus.release.xcconfig"; path = "Pods/Target Support Files/Pods-tempus/Pods-tempus.release.xcconfig"; sourceTree = "<group>"; };
		4514D91D6E2255B2CF063585 /* Pods-tempusTests.release.xcconfig */ = {isa = PBXFileReference; includeInIndex = 1; lastKnownFileType = text.xcconfig; name = "Pods-tempusTests.release.xcconfig"; path = "Pods/Target Support Files/Pods-tempusTests/Pods-tempusTests.release.xcconfig"; sourceTree = "<group>"; };
		5807755C1E4ECB3A0092ED8F /* SlideViewController.swift */ = {isa = PBXFileReference; fileEncoding = 4; lastKnownFileType = sourcecode.swift; path = SlideViewController.swift; sourceTree = "<group>"; };
		5807755E1E4ECB6A0092ED8F /* DiaryViewController.swift */ = {isa = PBXFileReference; fileEncoding = 4; lastKnownFileType = sourcecode.swift; path = DiaryViewController.swift; sourceTree = "<group>"; };
		5808951A1E52A47500F8D96B /* UserPageViewController.swift */ = {isa = PBXFileReference; fileEncoding = 4; lastKnownFileType = sourcecode.swift; path = UserPageViewController.swift; sourceTree = "<group>"; };
		5808951C1E52A95A00F8D96B /* tempus.entitlements */ = {isa = PBXFileReference; lastKnownFileType = text.plist.entitlements; path = tempus.entitlements; sourceTree = "<group>"; };
		5808951D1E52C55700F8D96B /* UserProfileBarView.swift */ = {isa = PBXFileReference; fileEncoding = 4; lastKnownFileType = sourcecode.swift; path = UserProfileBarView.swift; sourceTree = "<group>"; };
		5808951F1E52C70E00F8D96B /* UserProfileViewCell.swift */ = {isa = PBXFileReference; fileEncoding = 4; lastKnownFileType = sourcecode.swift; path = UserProfileViewCell.swift; sourceTree = "<group>"; };
		580895231E52E86200F8D96B /* UserInfoCell.swift */ = {isa = PBXFileReference; fileEncoding = 4; lastKnownFileType = sourcecode.swift; path = UserInfoCell.swift; sourceTree = "<group>"; };
		580895251E52E87400F8D96B /* UserMeetingCell.swift */ = {isa = PBXFileReference; fileEncoding = 4; lastKnownFileType = sourcecode.swift; path = UserMeetingCell.swift; sourceTree = "<group>"; };
		580895271E52F74E00F8D96B /* UserFollowingCell.swift */ = {isa = PBXFileReference; fileEncoding = 4; lastKnownFileType = sourcecode.swift; path = UserFollowingCell.swift; sourceTree = "<group>"; };
		580895291E52F78A00F8D96B /* MyProfileInfoCell.swift */ = {isa = PBXFileReference; fileEncoding = 4; lastKnownFileType = sourcecode.swift; path = MyProfileInfoCell.swift; sourceTree = "<group>"; };
		5808952B1E530F8C00F8D96B /* MinimizedMeetingCell.swift */ = {isa = PBXFileReference; fileEncoding = 4; lastKnownFileType = sourcecode.swift; path = MinimizedMeetingCell.swift; sourceTree = "<group>"; };
		5808952D1E531B8700F8D96B /* Cache.swift */ = {isa = PBXFileReference; fileEncoding = 4; lastKnownFileType = sourcecode.swift; path = Cache.swift; sourceTree = "<group>"; };
		5808952F1E5428F900F8D96B /* Users.swift */ = {isa = PBXFileReference; fileEncoding = 4; lastKnownFileType = sourcecode.swift; path = Users.swift; sourceTree = "<group>"; };
		580A22BE1E557CD200CF6E83 /* MeetingGiverDetailCell.swift */ = {isa = PBXFileReference; fileEncoding = 4; lastKnownFileType = sourcecode.swift; path = MeetingGiverDetailCell.swift; sourceTree = "<group>"; };
		580A22C01E56D9A400CF6E83 /* FollowerCell.swift */ = {isa = PBXFileReference; fileEncoding = 4; lastKnownFileType = sourcecode.swift; path = FollowerCell.swift; sourceTree = "<group>"; };
		580A22C21E56ECF100CF6E83 /* GothamRounded-Bold.otf */ = {isa = PBXFileReference; lastKnownFileType = file; path = "GothamRounded-Bold.otf"; sourceTree = "<group>"; };
		580A22C31E56ECF100CF6E83 /* GothamRounded-BoldItalic.otf */ = {isa = PBXFileReference; lastKnownFileType = file; path = "GothamRounded-BoldItalic.otf"; sourceTree = "<group>"; };
		580A22C41E56ECF100CF6E83 /* GothamRounded-Book.otf */ = {isa = PBXFileReference; lastKnownFileType = file; path = "GothamRounded-Book.otf"; sourceTree = "<group>"; };
		580A22C51E56ECF100CF6E83 /* GothamRounded-BookItalic.otf */ = {isa = PBXFileReference; lastKnownFileType = file; path = "GothamRounded-BookItalic.otf"; sourceTree = "<group>"; };
		580A22C61E56ECF100CF6E83 /* GothamRounded-Light.otf */ = {isa = PBXFileReference; lastKnownFileType = file; path = "GothamRounded-Light.otf"; sourceTree = "<group>"; };
		580A22C71E56ECF100CF6E83 /* GothamRounded-LightItalic.otf */ = {isa = PBXFileReference; lastKnownFileType = file; path = "GothamRounded-LightItalic.otf"; sourceTree = "<group>"; };
		580A22C81E56ECF100CF6E83 /* GothamRounded-Medium.otf */ = {isa = PBXFileReference; lastKnownFileType = file; path = "GothamRounded-Medium.otf"; sourceTree = "<group>"; };
		580A22C91E56ECF100CF6E83 /* GothamRounded-MediumItalic.otf */ = {isa = PBXFileReference; lastKnownFileType = file; path = "GothamRounded-MediumItalic.otf"; sourceTree = "<group>"; };
		580A22CA1E56ECF100CF6E83 /* GothamRoundedBold_21016.ttf */ = {isa = PBXFileReference; lastKnownFileType = file; path = GothamRoundedBold_21016.ttf; sourceTree = "<group>"; };
		580A22CB1E56ECF100CF6E83 /* GothamRoundedBook_21018.ttf */ = {isa = PBXFileReference; lastKnownFileType = file; path = GothamRoundedBook_21018.ttf; sourceTree = "<group>"; };
		580A22CC1E56ECF100CF6E83 /* GothamRoundedLight_21020.ttf */ = {isa = PBXFileReference; lastKnownFileType = file; path = GothamRoundedLight_21020.ttf; sourceTree = "<group>"; };
		580A22CD1E56ECF100CF6E83 /* GothamRoundedMedium_21022.ttf */ = {isa = PBXFileReference; lastKnownFileType = file; path = GothamRoundedMedium_21022.ttf; sourceTree = "<group>"; };
		580A22DB1E57473B00CF6E83 /* UserProfileModifyCell.swift */ = {isa = PBXFileReference; fileEncoding = 4; lastKnownFileType = sourcecode.swift; path = UserProfileModifyCell.swift; sourceTree = "<group>"; };
		580BCBCA1E54DA6F007AFFE3 /* ChattingHistoryViewController.swift */ = {isa = PBXFileReference; fileEncoding = 4; lastKnownFileType = sourcecode.swift; path = ChattingHistoryViewController.swift; sourceTree = "<group>"; };
		580BCBCC1E54DFDE007AFFE3 /* ChattingWithNewOneViewController.swift */ = {isa = PBXFileReference; fileEncoding = 4; lastKnownFileType = sourcecode.swift; path = ChattingWithNewOneViewController.swift; sourceTree = "<group>"; };
		580BCBCE1E5545D3007AFFE3 /* UserCell.swift */ = {isa = PBXFileReference; fileEncoding = 4; lastKnownFileType = sourcecode.swift; path = UserCell.swift; sourceTree = "<group>"; };
		580BCBD01E555BB8007AFFE3 /* Message.swift */ = {isa = PBXFileReference; fileEncoding = 4; lastKnownFileType = sourcecode.swift; path = Message.swift; sourceTree = "<group>"; };
		580CB5F61E4E6F85008658CA /* Meeting.swift */ = {isa = PBXFileReference; fileEncoding = 4; lastKnownFileType = sourcecode.swift; path = Meeting.swift; sourceTree = "<group>"; };
		580FB47B1E52217A0057DA21 /* MainTabBarController.swift */ = {isa = PBXFileReference; fileEncoding = 4; lastKnownFileType = sourcecode.swift; path = MainTabBarController.swift; sourceTree = "<group>"; };
		580FB47D1E5225CD0057DA21 /* ChattingViewController.swift */ = {isa = PBXFileReference; fileEncoding = 4; lastKnownFileType = sourcecode.swift; path = ChattingViewController.swift; sourceTree = "<group>"; };
		580FB47F1E5225E20057DA21 /* CommunityViewController.swift */ = {isa = PBXFileReference; fileEncoding = 4; lastKnownFileType = sourcecode.swift; path = CommunityViewController.swift; sourceTree = "<group>"; };
		580FB4811E5225ED0057DA21 /* SignInRequiredViewController.swift */ = {isa = PBXFileReference; fileEncoding = 4; lastKnownFileType = sourcecode.swift; path = SignInRequiredViewController.swift; sourceTree = "<group>"; };
		580FB4831E52260D0057DA21 /* SettingsViewController.swift */ = {isa = PBXFileReference; fileEncoding = 4; lastKnownFileType = sourcecode.swift; path = SettingsViewController.swift; sourceTree = "<group>"; };
		580FB4851E5232B70057DA21 /* SignInViewController.swift */ = {isa = PBXFileReference; fileEncoding = 4; lastKnownFileType = sourcecode.swift; path = SignInViewController.swift; sourceTree = "<group>"; };
		581121091E4F0227004D1C85 /* SlideCell.swift */ = {isa = PBXFileReference; fileEncoding = 4; lastKnownFileType = sourcecode.swift; path = SlideCell.swift; sourceTree = "<group>"; };
		5811210B1E4F0274004D1C85 /* SlideCoverCell.swift */ = {isa = PBXFileReference; fileEncoding = 4; lastKnownFileType = sourcecode.swift; path = SlideCoverCell.swift; sourceTree = "<group>"; };
		5811210D1E4F0280004D1C85 /* SlideDetailCell.swift */ = {isa = PBXFileReference; fileEncoding = 4; lastKnownFileType = sourcecode.swift; path = SlideDetailCell.swift; sourceTree = "<group>"; };
		581121101E501DC0004D1C85 /* FirebaseDataService.swift */ = {isa = PBXFileReference; fileEncoding = 4; lastKnownFileType = sourcecode.swift; path = FirebaseDataService.swift; sourceTree = "<group>"; };
		581121121E501DCF004D1C85 /* RestApiDataService.swift */ = {isa = PBXFileReference; fileEncoding = 4; lastKnownFileType = sourcecode.swift; path = RestApiDataService.swift; sourceTree = "<group>"; };
		581121141E50415E004D1C85 /* MeetingAddViewController.swift */ = {isa = PBXFileReference; fileEncoding = 4; lastKnownFileType = sourcecode.swift; path = MeetingAddViewController.swift; sourceTree = "<group>"; };
		583BB5BC1E4D486B000FDA44 /* Constants.swift */ = {isa = PBXFileReference; fileEncoding = 4; lastKnownFileType = sourcecode.swift; path = Constants.swift; sourceTree = "<group>"; };
		583BB5BE1E4D4F9C000FDA44 /* MeetingCell.swift */ = {isa = PBXFileReference; fileEncoding = 4; lastKnownFileType = sourcecode.swift; path = MeetingCell.swift; sourceTree = "<group>"; };
		583BB5C21E4D551A000FDA44 /* DownloadImageView.swift */ = {isa = PBXFileReference; fileEncoding = 4; lastKnownFileType = sourcecode.swift; path = DownloadImageView.swift; sourceTree = "<group>"; };
		583BB5C41E4D9258000FDA44 /* CategoryBarView.swift */ = {isa = PBXFileReference; fileEncoding = 4; lastKnownFileType = sourcecode.swift; path = CategoryBarView.swift; sourceTree = "<group>"; };
		583BB5C61E4D9A73000FDA44 /* CategoryViewCell.swift */ = {isa = PBXFileReference; fileEncoding = 4; lastKnownFileType = sourcecode.swift; path = CategoryViewCell.swift; sourceTree = "<group>"; };
		5841BD631E5049DA001E6186 /* MeetingAddCell.swift */ = {isa = PBXFileReference; fileEncoding = 4; lastKnownFileType = sourcecode.swift; path = MeetingAddCell.swift; sourceTree = "<group>"; };
		5841BD651E5049ED001E6186 /* MeetingAddCoverCell.swift */ = {isa = PBXFileReference; fileEncoding = 4; lastKnownFileType = sourcecode.swift; path = MeetingAddCoverCell.swift; sourceTree = "<group>"; };
		5841BD671E5049FA001E6186 /* MeetingAddDetailCell.swift */ = {isa = PBXFileReference; fileEncoding = 4; lastKnownFileType = sourcecode.swift; path = MeetingAddDetailCell.swift; sourceTree = "<group>"; };
		5841BD691E50776E001E6186 /* MeetingAddViewController_ext.swift */ = {isa = PBXFileReference; fileEncoding = 4; lastKnownFileType = sourcecode.swift; path = MeetingAddViewController_ext.swift; sourceTree = "<group>"; };
		58CCD4B01E59330E009B29F8 /* ChatMessageCell.swift */ = {isa = PBXFileReference; fileEncoding = 4; lastKnownFileType = sourcecode.swift; path = ChatMessageCell.swift; sourceTree = "<group>"; };
		58CCD4B21E5A334E009B29F8 /* CommunityMyListViewController.swift */ = {isa = PBXFileReference; fileEncoding = 4; lastKnownFileType = sourcecode.swift; path = CommunityMyListViewController.swift; sourceTree = "<group>"; };
		58CCD4B41E5A8E8D009B29F8 /* SelfMadeMeetingListCell.swift */ = {isa = PBXFileReference; fileEncoding = 4; lastKnownFileType = sourcecode.swift; path = SelfMadeMeetingListCell.swift; sourceTree = "<group>"; };
		58D2AAD21E4ACB510084CE80 /* tempus.app */ = {isa = PBXFileReference; explicitFileType = wrapper.application; includeInIndex = 0; path = tempus.app; sourceTree = BUILT_PRODUCTS_DIR; };
		58D2AAD51E4ACB510084CE80 /* AppDelegate.swift */ = {isa = PBXFileReference; lastKnownFileType = sourcecode.swift; path = AppDelegate.swift; sourceTree = "<group>"; };
		58D2AAD71E4ACB510084CE80 /* MeetingListViewController.swift */ = {isa = PBXFileReference; lastKnownFileType = sourcecode.swift; path = MeetingListViewController.swift; sourceTree = "<group>"; };
		58D2AADD1E4ACB510084CE80 /* tempus.xcdatamodel */ = {isa = PBXFileReference; lastKnownFileType = wrapper.xcdatamodel; path = tempus.xcdatamodel; sourceTree = "<group>"; };
		58D2AADF1E4ACB510084CE80 /* Assets.xcassets */ = {isa = PBXFileReference; lastKnownFileType = folder.assetcatalog; path = Assets.xcassets; sourceTree = "<group>"; };
		58D2AAE21E4ACB510084CE80 /* Base */ = {isa = PBXFileReference; lastKnownFileType = file.storyboard; name = Base; path = Base.lproj/LaunchScreen.storyboard; sourceTree = "<group>"; };
		58D2AAE41E4ACB510084CE80 /* Info.plist */ = {isa = PBXFileReference; lastKnownFileType = text.plist.xml; path = Info.plist; sourceTree = "<group>"; };
		58D2AAE91E4ACB510084CE80 /* tempusTests.xctest */ = {isa = PBXFileReference; explicitFileType = wrapper.cfbundle; includeInIndex = 0; path = tempusTests.xctest; sourceTree = BUILT_PRODUCTS_DIR; };
		58D2AAED1E4ACB510084CE80 /* tempusTests.swift */ = {isa = PBXFileReference; lastKnownFileType = sourcecode.swift; path = tempusTests.swift; sourceTree = "<group>"; };
		58D2AAEF1E4ACB510084CE80 /* Info.plist */ = {isa = PBXFileReference; lastKnownFileType = text.plist.xml; path = Info.plist; sourceTree = "<group>"; };
		58D2AB001E4ACE390084CE80 /* MainNavigationController.swift */ = {isa = PBXFileReference; fileEncoding = 4; lastKnownFileType = sourcecode.swift; path = MainNavigationController.swift; sourceTree = "<group>"; };
		58D2AB021E4ACEAB0084CE80 /* OnboardingViewController.swift */ = {isa = PBXFileReference; fileEncoding = 4; lastKnownFileType = sourcecode.swift; path = OnboardingViewController.swift; sourceTree = "<group>"; };
		58D2AB041E4ACEFB0084CE80 /* OnboardingViewController_ext.swift */ = {isa = PBXFileReference; fileEncoding = 4; lastKnownFileType = sourcecode.swift; path = OnboardingViewController_ext.swift; sourceTree = "<group>"; };
		58D2AB061E4AD07D0084CE80 /* OnboardingPage.swift */ = {isa = PBXFileReference; fileEncoding = 4; lastKnownFileType = sourcecode.swift; path = OnboardingPage.swift; sourceTree = "<group>"; };
		58D2AB081E4AD0D80084CE80 /* UIView_ext.swift */ = {isa = PBXFileReference; fileEncoding = 4; lastKnownFileType = sourcecode.swift; path = UIView_ext.swift; sourceTree = "<group>"; };
		58D2AB0A1E4AD4330084CE80 /* OnboardingPageCell.swift */ = {isa = PBXFileReference; fileEncoding = 4; lastKnownFileType = sourcecode.swift; path = OnboardingPageCell.swift; sourceTree = "<group>"; };
		58D2AB0C1E4AD48A0084CE80 /* BaseCell.swift */ = {isa = PBXFileReference; fileEncoding = 4; lastKnownFileType = sourcecode.swift; path = BaseCell.swift; sourceTree = "<group>"; };
		58D2AB0E1E4ADC7A0084CE80 /* OnboardingCoverPageCell.swift */ = {isa = PBXFileReference; fileEncoding = 4; lastKnownFileType = sourcecode.swift; path = OnboardingCoverPageCell.swift; sourceTree = "<group>"; };
		58D2E2771E4CB4860084B2C9 /* MeetingListCell.swift */ = {isa = PBXFileReference; fileEncoding = 4; lastKnownFileType = sourcecode.swift; path = MeetingListCell.swift; sourceTree = "<group>"; };
		58FCAAD81E4B00EA002F5B0A /* GoogleService-Info.plist */ = {isa = PBXFileReference; fileEncoding = 4; lastKnownFileType = text.plist.xml; path = "GoogleService-Info.plist"; sourceTree = "<group>"; };
		58FCAADA1E4B0663002F5B0A /* MeetingViewController.swift */ = {isa = PBXFileReference; fileEncoding = 4; lastKnownFileType = sourcecode.swift; path = MeetingViewController.swift; sourceTree = "<group>"; };
		58FCAADC1E4B2756002F5B0A /* MeetingViewTopPanelCell.swift */ = {isa = PBXFileReference; fileEncoding = 4; lastKnownFileType = sourcecode.swift; path = MeetingViewTopPanelCell.swift; sourceTree = "<group>"; };
		58FCAADE1E4B276E002F5B0A /* MeetingViewBottomPanelCell.swift */ = {isa = PBXFileReference; fileEncoding = 4; lastKnownFileType = sourcecode.swift; path = MeetingViewBottomPanelCell.swift; sourceTree = "<group>"; };
		58FCAAE01E4C2436002F5B0A /* MeetingViewController_ext.swift */ = {isa = PBXFileReference; fileEncoding = 4; lastKnownFileType = sourcecode.swift; path = MeetingViewController_ext.swift; sourceTree = "<group>"; };
		58FCAAE21E4C2ADC002F5B0A /* RecommendedMeetingViewCell.swift */ = {isa = PBXFileReference; fileEncoding = 4; lastKnownFileType = sourcecode.swift; path = RecommendedMeetingViewCell.swift; sourceTree = "<group>"; };
		58FCAAE61E4C382E002F5B0A /* CategoryMeetingViewCell.swift */ = {isa = PBXFileReference; fileEncoding = 4; lastKnownFileType = sourcecode.swift; path = CategoryMeetingViewCell.swift; sourceTree = "<group>"; };
		58FCAAE81E4C3A0D002F5B0A /* MeetingCategoryContent.swift */ = {isa = PBXFileReference; fileEncoding = 4; lastKnownFileType = sourcecode.swift; path = MeetingCategoryContent.swift; sourceTree = "<group>"; };
		58FCAAEA1E4C4414002F5B0A /* MeetingTopPanelContent.swift */ = {isa = PBXFileReference; fileEncoding = 4; lastKnownFileType = sourcecode.swift; path = MeetingTopPanelContent.swift; sourceTree = "<group>"; };
		58FCAAEC1E4C44A7002F5B0A /* MeetingBottomPanelContent.swift */ = {isa = PBXFileReference; fileEncoding = 4; lastKnownFileType = sourcecode.swift; path = MeetingBottomPanelContent.swift; sourceTree = "<group>"; };
		6ACF8EEB4B7DD734752E04BE /* Pods-tempusTests.debug.xcconfig */ = {isa = PBXFileReference; includeInIndex = 1; lastKnownFileType = text.xcconfig; name = "Pods-tempusTests.debug.xcconfig"; path = "Pods/Target Support Files/Pods-tempusTests/Pods-tempusTests.debug.xcconfig"; sourceTree = "<group>"; };
		892E9543776C6747753C3B38 /* Pods-tempus.debug.xcconfig */ = {isa = PBXFileReference; includeInIndex = 1; lastKnownFileType = text.xcconfig; name = "Pods-tempus.debug.xcconfig"; path = "Pods/Target Support Files/Pods-tempus/Pods-tempus.debug.xcconfig"; sourceTree = "<group>"; };
		B7F65C803CE4864764B11C7F /* Pods_tempusTests.framework */ = {isa = PBXFileReference; explicitFileType = wrapper.framework; includeInIndex = 0; path = Pods_tempusTests.framework; sourceTree = BUILT_PRODUCTS_DIR; };
/* End PBXFileReference section */

/* Begin PBXFrameworksBuildPhase section */
		58D2AACF1E4ACB510084CE80 /* Frameworks */ = {
			isa = PBXFrameworksBuildPhase;
			buildActionMask = 2147483647;
			files = (
				4D13DF3F1F9689260AE36F83 /* Pods_tempus.framework in Frameworks */,
			);
			runOnlyForDeploymentPostprocessing = 0;
		};
		58D2AAE61E4ACB510084CE80 /* Frameworks */ = {
			isa = PBXFrameworksBuildPhase;
			buildActionMask = 2147483647;
			files = (
				A89D3980CC287D1CF9315CE8 /* Pods_tempusTests.framework in Frameworks */,
			);
			runOnlyForDeploymentPostprocessing = 0;
		};
/* End PBXFrameworksBuildPhase section */

/* Begin PBXGroup section */
		05B8272F29F98CDD2897DC5A /* Frameworks */ = {
			isa = PBXGroup;
			children = (
				08E88DB2E7A740E9A2F92813 /* Pods_tempus.framework */,
				B7F65C803CE4864764B11C7F /* Pods_tempusTests.framework */,
			);
			name = Frameworks;
			sourceTree = "<group>";
		};
		580A22CE1E56ECF400CF6E83 /* Font */ = {
			isa = PBXGroup;
			children = (
				580A22C21E56ECF100CF6E83 /* GothamRounded-Bold.otf */,
				580A22C31E56ECF100CF6E83 /* GothamRounded-BoldItalic.otf */,
				580A22C41E56ECF100CF6E83 /* GothamRounded-Book.otf */,
				580A22C51E56ECF100CF6E83 /* GothamRounded-BookItalic.otf */,
				580A22C61E56ECF100CF6E83 /* GothamRounded-Light.otf */,
				580A22C71E56ECF100CF6E83 /* GothamRounded-LightItalic.otf */,
				580A22C81E56ECF100CF6E83 /* GothamRounded-Medium.otf */,
				580A22C91E56ECF100CF6E83 /* GothamRounded-MediumItalic.otf */,
				580A22CA1E56ECF100CF6E83 /* GothamRoundedBold_21016.ttf */,
				580A22CB1E56ECF100CF6E83 /* GothamRoundedBook_21018.ttf */,
				580A22CC1E56ECF100CF6E83 /* GothamRoundedLight_21020.ttf */,
				580A22CD1E56ECF100CF6E83 /* GothamRoundedMedium_21022.ttf */,
			);
			name = Font;
			sourceTree = "<group>";
		};
		5811210F1E501CA1004D1C85 /* Singleton */ = {
			isa = PBXGroup;
			children = (
				581121101E501DC0004D1C85 /* FirebaseDataService.swift */,
				581121121E501DCF004D1C85 /* RestApiDataService.swift */,
			);
			name = Singleton;
			sourceTree = "<group>";
		};
		583BB5C01E4D54BC000FDA44 /* Custom Views */ = {
			isa = PBXGroup;
			children = (
				583BB5C21E4D551A000FDA44 /* DownloadImageView.swift */,
				583BB5C41E4D9258000FDA44 /* CategoryBarView.swift */,
				5808951D1E52C55700F8D96B /* UserProfileBarView.swift */,
			);
			name = "Custom Views";
			sourceTree = "<group>";
		};
		583BB5C11E4D54D3000FDA44 /* Custom Cells */ = {
			isa = PBXGroup;
			children = (
				58D2AB0A1E4AD4330084CE80 /* OnboardingPageCell.swift */,
				58D2AB0E1E4ADC7A0084CE80 /* OnboardingCoverPageCell.swift */,
				58D2AB0C1E4AD48A0084CE80 /* BaseCell.swift */,
				58FCAADC1E4B2756002F5B0A /* MeetingViewTopPanelCell.swift */,
				58FCAADE1E4B276E002F5B0A /* MeetingViewBottomPanelCell.swift */,
				58FCAAE21E4C2ADC002F5B0A /* RecommendedMeetingViewCell.swift */,
				58FCAAE61E4C382E002F5B0A /* CategoryMeetingViewCell.swift */,
				58D2E2771E4CB4860084B2C9 /* MeetingListCell.swift */,
				583BB5BE1E4D4F9C000FDA44 /* MeetingCell.swift */,
				583BB5C61E4D9A73000FDA44 /* CategoryViewCell.swift */,
				5808951F1E52C70E00F8D96B /* UserProfileViewCell.swift */,
				581121091E4F0227004D1C85 /* SlideCell.swift */,
				5811210B1E4F0274004D1C85 /* SlideCoverCell.swift */,
				5811210D1E4F0280004D1C85 /* SlideDetailCell.swift */,
				580A22BE1E557CD200CF6E83 /* MeetingGiverDetailCell.swift */,
				5841BD631E5049DA001E6186 /* MeetingAddCell.swift */,
				5841BD651E5049ED001E6186 /* MeetingAddCoverCell.swift */,
				5841BD671E5049FA001E6186 /* MeetingAddDetailCell.swift */,
				580895291E52F78A00F8D96B /* MyProfileInfoCell.swift */,
				580895231E52E86200F8D96B /* UserInfoCell.swift */,
				580895251E52E87400F8D96B /* UserMeetingCell.swift */,
				580A22DB1E57473B00CF6E83 /* UserProfileModifyCell.swift */,
				580895271E52F74E00F8D96B /* UserFollowingCell.swift */,
				580A22C01E56D9A400CF6E83 /* FollowerCell.swift */,
				5808952B1E530F8C00F8D96B /* MinimizedMeetingCell.swift */,
				580BCBCE1E5545D3007AFFE3 /* UserCell.swift */,
				58CCD4B01E59330E009B29F8 /* ChatMessageCell.swift */,
				58CCD4B41E5A8E8D009B29F8 /* SelfMadeMeetingListCell.swift */,
			);
			name = "Custom Cells";
			sourceTree = "<group>";
		};
		58D2AAC91E4ACB510084CE80 = {
			isa = PBXGroup;
			children = (
				58D2AAD41E4ACB510084CE80 /* tempus */,
				58D2AAEC1E4ACB510084CE80 /* tempusTests */,
				58D2AAD31E4ACB510084CE80 /* Products */,
				D0D43BC6B434EF43672C7907 /* Pods */,
				05B8272F29F98CDD2897DC5A /* Frameworks */,
			);
			sourceTree = "<group>";
		};
		58D2AAD31E4ACB510084CE80 /* Products */ = {
			isa = PBXGroup;
			children = (
				58D2AAD21E4ACB510084CE80 /* tempus.app */,
				58D2AAE91E4ACB510084CE80 /* tempusTests.xctest */,
			);
			name = Products;
			sourceTree = "<group>";
		};
		58D2AAD41E4ACB510084CE80 /* tempus */ = {
			isa = PBXGroup;
			children = (
				5808951C1E52A95A00F8D96B /* tempus.entitlements */,
				5811210F1E501CA1004D1C85 /* Singleton */,
				58D2AAFD1E4ACB850084CE80 /* Resource */,
				58D2AAFC1E4ACB810084CE80 /* Util */,
				58D2AAFB1E4ACB7A0084CE80 /* Extension */,
				58D2AAFA1E4ACB760084CE80 /* Model */,
				58D2AAF91E4ACB700084CE80 /* Controller */,
				58D2AAF81E4ACB590084CE80 /* View */,
				58D2AAD51E4ACB510084CE80 /* AppDelegate.swift */,
			);
			path = tempus;
			sourceTree = "<group>";
		};
		58D2AAEC1E4ACB510084CE80 /* tempusTests */ = {
			isa = PBXGroup;
			children = (
				58D2AAED1E4ACB510084CE80 /* tempusTests.swift */,
				58D2AAEF1E4ACB510084CE80 /* Info.plist */,
			);
			path = tempusTests;
			sourceTree = "<group>";
		};
		58D2AAF81E4ACB590084CE80 /* View */ = {
			isa = PBXGroup;
			children = (
				583BB5C11E4D54D3000FDA44 /* Custom Cells */,
				583BB5C01E4D54BC000FDA44 /* Custom Views */,
			);
			name = View;
			sourceTree = "<group>";
		};
		58D2AAF91E4ACB700084CE80 /* Controller */ = {
			isa = PBXGroup;
			children = (
				580FB47B1E52217A0057DA21 /* MainTabBarController.swift */,
				58D2AB001E4ACE390084CE80 /* MainNavigationController.swift */,
				58FCAADA1E4B0663002F5B0A /* MeetingViewController.swift */,
				58D2AAD71E4ACB510084CE80 /* MeetingListViewController.swift */,
				581121141E50415E004D1C85 /* MeetingAddViewController.swift */,
				58D2AB021E4ACEAB0084CE80 /* OnboardingViewController.swift */,
				5807755C1E4ECB3A0092ED8F /* SlideViewController.swift */,
				5807755E1E4ECB6A0092ED8F /* DiaryViewController.swift */,
				580FB47F1E5225E20057DA21 /* CommunityViewController.swift */,
				58CCD4B21E5A334E009B29F8 /* CommunityMyListViewController.swift */,
				580FB4811E5225ED0057DA21 /* SignInRequiredViewController.swift */,
				580FB4831E52260D0057DA21 /* SettingsViewController.swift */,
				580FB4851E5232B70057DA21 /* SignInViewController.swift */,
				5808951A1E52A47500F8D96B /* UserPageViewController.swift */,
				580FB47D1E5225CD0057DA21 /* ChattingViewController.swift */,
				580BCBCA1E54DA6F007AFFE3 /* ChattingHistoryViewController.swift */,
				580BCBCC1E54DFDE007AFFE3 /* ChattingWithNewOneViewController.swift */,
			);
			name = Controller;
			sourceTree = "<group>";
		};
		58D2AAFA1E4ACB760084CE80 /* Model */ = {
			isa = PBXGroup;
			children = (
				58D2AADC1E4ACB510084CE80 /* tempus.xcdatamodeld */,
				58D2AB061E4AD07D0084CE80 /* OnboardingPage.swift */,
				58FCAAE81E4C3A0D002F5B0A /* MeetingCategoryContent.swift */,
				58FCAAEA1E4C4414002F5B0A /* MeetingTopPanelContent.swift */,
				58FCAAEC1E4C44A7002F5B0A /* MeetingBottomPanelContent.swift */,
				580CB5F61E4E6F85008658CA /* Meeting.swift */,
				5808952F1E5428F900F8D96B /* Users.swift */,
				580BCBD01E555BB8007AFFE3 /* Message.swift */,
			);
			name = Model;
			sourceTree = "<group>";
		};
		58D2AAFB1E4ACB7A0084CE80 /* Extension */ = {
			isa = PBXGroup;
			children = (
				58FCAAE41E4C2B38002F5B0A /* Views */,
				58D2AAFF1E4ACDC80084CE80 /* Controllers */,
				58D2AAFE1E4ACDB30084CE80 /* UIKitComponents */,
			);
			name = Extension;
			sourceTree = "<group>";
		};
		58D2AAFC1E4ACB810084CE80 /* Util */ = {
			isa = PBXGroup;
			children = (
				583BB5BC1E4D486B000FDA44 /* Constants.swift */,
				5808952D1E531B8700F8D96B /* Cache.swift */,
			);
			name = Util;
			sourceTree = "<group>";
		};
		58D2AAFD1E4ACB850084CE80 /* Resource */ = {
			isa = PBXGroup;
			children = (
				580A22CE1E56ECF400CF6E83 /* Font */,
				58D2AADF1E4ACB510084CE80 /* Assets.xcassets */,
				58D2AAE11E4ACB510084CE80 /* LaunchScreen.storyboard */,
				58D2AAE41E4ACB510084CE80 /* Info.plist */,
				58FCAAD81E4B00EA002F5B0A /* GoogleService-Info.plist */,
			);
			name = Resource;
			sourceTree = "<group>";
		};
		58D2AAFE1E4ACDB30084CE80 /* UIKitComponents */ = {
			isa = PBXGroup;
			children = (
				58D2AB081E4AD0D80084CE80 /* UIView_ext.swift */,
			);
			name = UIKitComponents;
			sourceTree = "<group>";
		};
		58D2AAFF1E4ACDC80084CE80 /* Controllers */ = {
			isa = PBXGroup;
			children = (
				58D2AB041E4ACEFB0084CE80 /* OnboardingViewController_ext.swift */,
				58FCAAE01E4C2436002F5B0A /* MeetingViewController_ext.swift */,
				5841BD691E50776E001E6186 /* MeetingAddViewController_ext.swift */,
			);
			name = Controllers;
			sourceTree = "<group>";
		};
		58FCAAE41E4C2B38002F5B0A /* Views */ = {
			isa = PBXGroup;
			children = (
				58FCAAE51E4C2B4D002F5B0A /* Cells */,
			);
			name = Views;
			sourceTree = "<group>";
		};
		58FCAAE51E4C2B4D002F5B0A /* Cells */ = {
			isa = PBXGroup;
			children = (
			);
			name = Cells;
			sourceTree = "<group>";
		};
		D0D43BC6B434EF43672C7907 /* Pods */ = {
			isa = PBXGroup;
			children = (
				892E9543776C6747753C3B38 /* Pods-tempus.debug.xcconfig */,
				1B46B7A0A187E515B862B170 /* Pods-tempus.release.xcconfig */,
				6ACF8EEB4B7DD734752E04BE /* Pods-tempusTests.debug.xcconfig */,
				4514D91D6E2255B2CF063585 /* Pods-tempusTests.release.xcconfig */,
			);
			name = Pods;
			sourceTree = "<group>";
		};
/* End PBXGroup section */

/* Begin PBXNativeTarget section */
		58D2AAD11E4ACB510084CE80 /* tempus */ = {
			isa = PBXNativeTarget;
			buildConfigurationList = 58D2AAF21E4ACB510084CE80 /* Build configuration list for PBXNativeTarget "tempus" */;
			buildPhases = (
				F511651B203EFCE107E8BF34 /* [CP] Check Pods Manifest.lock */,
				58D2AACE1E4ACB510084CE80 /* Sources */,
				58D2AACF1E4ACB510084CE80 /* Frameworks */,
				58D2AAD01E4ACB510084CE80 /* Resources */,
				B7A35287F9A6B5EA92E9C284 /* [CP] Embed Pods Frameworks */,
				EC9E378708AE87F1FFAF2265 /* [CP] Copy Pods Resources */,
			);
			buildRules = (
			);
			dependencies = (
			);
			name = tempus;
			productName = tempus;
			productReference = 58D2AAD21E4ACB510084CE80 /* tempus.app */;
			productType = "com.apple.product-type.application";
		};
		58D2AAE81E4ACB510084CE80 /* tempusTests */ = {
			isa = PBXNativeTarget;
			buildConfigurationList = 58D2AAF51E4ACB510084CE80 /* Build configuration list for PBXNativeTarget "tempusTests" */;
			buildPhases = (
				F0553C2191567AEDB1C98707 /* [CP] Check Pods Manifest.lock */,
				58D2AAE51E4ACB510084CE80 /* Sources */,
				58D2AAE61E4ACB510084CE80 /* Frameworks */,
				58D2AAE71E4ACB510084CE80 /* Resources */,
				B1EF2118ABB7410548CC35FB /* [CP] Embed Pods Frameworks */,
				B2F9349D10AC3FB3ABB0A623 /* [CP] Copy Pods Resources */,
			);
			buildRules = (
			);
			dependencies = (
				58D2AAEB1E4ACB510084CE80 /* PBXTargetDependency */,
			);
			name = tempusTests;
			productName = tempusTests;
			productReference = 58D2AAE91E4ACB510084CE80 /* tempusTests.xctest */;
			productType = "com.apple.product-type.bundle.unit-test";
		};
/* End PBXNativeTarget section */

/* Begin PBXProject section */
		58D2AACA1E4ACB510084CE80 /* Project object */ = {
			isa = PBXProject;
			attributes = {
				LastSwiftUpdateCheck = 0830;
				LastUpgradeCheck = 0830;
				ORGANIZATIONNAME = boostcamp;
				TargetAttributes = {
					58D2AAD11E4ACB510084CE80 = {
						CreatedOnToolsVersion = 8.3;
						DevelopmentTeam = R2ESGSL5P9;
						ProvisioningStyle = Automatic;
						SystemCapabilities = {
							com.apple.Keychain = {
								enabled = 1;
							};
						};
					};
					58D2AAE81E4ACB510084CE80 = {
						CreatedOnToolsVersion = 8.3;
						ProvisioningStyle = Automatic;
						TestTargetID = 58D2AAD11E4ACB510084CE80;
					};
				};
			};
			buildConfigurationList = 58D2AACD1E4ACB510084CE80 /* Build configuration list for PBXProject "tempus" */;
			compatibilityVersion = "Xcode 3.2";
			developmentRegion = English;
			hasScannedForEncodings = 0;
			knownRegions = (
				en,
				Base,
			);
			mainGroup = 58D2AAC91E4ACB510084CE80;
			productRefGroup = 58D2AAD31E4ACB510084CE80 /* Products */;
			projectDirPath = "";
			projectRoot = "";
			targets = (
				58D2AAD11E4ACB510084CE80 /* tempus */,
				58D2AAE81E4ACB510084CE80 /* tempusTests */,
			);
		};
/* End PBXProject section */

/* Begin PBXResourcesBuildPhase section */
		58D2AAD01E4ACB510084CE80 /* Resources */ = {
			isa = PBXResourcesBuildPhase;
			buildActionMask = 2147483647;
			files = (
				580A22D91E56F0AC00CF6E83 /* GothamRoundedBold_21016.ttf in Resources */,
				580A22D11E56F09700CF6E83 /* GothamRounded-Book.otf in Resources */,
				580A22D31E56F09D00CF6E83 /* GothamRoundedMedium_21022.ttf in Resources */,
				580A22D61E56F0A600CF6E83 /* GothamRounded-LightItalic.otf in Resources */,
				580A22D51E56F0A100CF6E83 /* GothamRoundedBook_21018.ttf in Resources */,
				580A22CF1E56F09200CF6E83 /* GothamRounded-Bold.otf in Resources */,
				580A22DA1E56F0B300CF6E83 /* GothamRounded-Light.otf in Resources */,
				58D2AAE31E4ACB510084CE80 /* LaunchScreen.storyboard in Resources */,
				580A22D71E56F0AC00CF6E83 /* GothamRounded-Medium.otf in Resources */,
				580A22D81E56F0AC00CF6E83 /* GothamRounded-MediumItalic.otf in Resources */,
				58FCAAD91E4B00EA002F5B0A /* GoogleService-Info.plist in Resources */,
				580A22D41E56F09F00CF6E83 /* GothamRoundedLight_21020.ttf in Resources */,
				58D2AAE01E4ACB510084CE80 /* Assets.xcassets in Resources */,
				580A22D01E56F09500CF6E83 /* GothamRounded-BoldItalic.otf in Resources */,
				580A22D21E56F09C00CF6E83 /* GothamRounded-BookItalic.otf in Resources */,
			);
			runOnlyForDeploymentPostprocessing = 0;
		};
		58D2AAE71E4ACB510084CE80 /* Resources */ = {
			isa = PBXResourcesBuildPhase;
			buildActionMask = 2147483647;
			files = (
			);
			runOnlyForDeploymentPostprocessing = 0;
		};
/* End PBXResourcesBuildPhase section */

/* Begin PBXShellScriptBuildPhase section */
		B1EF2118ABB7410548CC35FB /* [CP] Embed Pods Frameworks */ = {
			isa = PBXShellScriptBuildPhase;
			buildActionMask = 2147483647;
			files = (
			);
			inputPaths = (
			);
			name = "[CP] Embed Pods Frameworks";
			outputPaths = (
			);
			runOnlyForDeploymentPostprocessing = 0;
			shellPath = /bin/sh;
			shellScript = "\"${SRCROOT}/Pods/Target Support Files/Pods-tempusTests/Pods-tempusTests-frameworks.sh\"\n";
			showEnvVarsInLog = 0;
		};
		B2F9349D10AC3FB3ABB0A623 /* [CP] Copy Pods Resources */ = {
			isa = PBXShellScriptBuildPhase;
			buildActionMask = 2147483647;
			files = (
			);
			inputPaths = (
			);
			name = "[CP] Copy Pods Resources";
			outputPaths = (
			);
			runOnlyForDeploymentPostprocessing = 0;
			shellPath = /bin/sh;
			shellScript = "\"${SRCROOT}/Pods/Target Support Files/Pods-tempusTests/Pods-tempusTests-resources.sh\"\n";
			showEnvVarsInLog = 0;
		};
		B7A35287F9A6B5EA92E9C284 /* [CP] Embed Pods Frameworks */ = {
			isa = PBXShellScriptBuildPhase;
			buildActionMask = 2147483647;
			files = (
			);
			inputPaths = (
			);
			name = "[CP] Embed Pods Frameworks";
			outputPaths = (
			);
			runOnlyForDeploymentPostprocessing = 0;
			shellPath = /bin/sh;
			shellScript = "\"${SRCROOT}/Pods/Target Support Files/Pods-tempus/Pods-tempus-frameworks.sh\"\n";
			showEnvVarsInLog = 0;
		};
		EC9E378708AE87F1FFAF2265 /* [CP] Copy Pods Resources */ = {
			isa = PBXShellScriptBuildPhase;
			buildActionMask = 2147483647;
			files = (
			);
			inputPaths = (
			);
			name = "[CP] Copy Pods Resources";
			outputPaths = (
			);
			runOnlyForDeploymentPostprocessing = 0;
			shellPath = /bin/sh;
			shellScript = "\"${SRCROOT}/Pods/Target Support Files/Pods-tempus/Pods-tempus-resources.sh\"\n";
			showEnvVarsInLog = 0;
		};
		F0553C2191567AEDB1C98707 /* [CP] Check Pods Manifest.lock */ = {
			isa = PBXShellScriptBuildPhase;
			buildActionMask = 2147483647;
			files = (
			);
			inputPaths = (
			);
			name = "[CP] Check Pods Manifest.lock";
			outputPaths = (
			);
			runOnlyForDeploymentPostprocessing = 0;
			shellPath = /bin/sh;
			shellScript = "diff \"${PODS_ROOT}/../Podfile.lock\" \"${PODS_ROOT}/Manifest.lock\" > /dev/null\nif [ $? != 0 ] ; then\n    # print error to STDERR\n    echo \"error: The sandbox is not in sync with the Podfile.lock. Run 'pod install' or update your CocoaPods installation.\" >&2\n    exit 1\nfi\n";
			showEnvVarsInLog = 0;
		};
		F511651B203EFCE107E8BF34 /* [CP] Check Pods Manifest.lock */ = {
			isa = PBXShellScriptBuildPhase;
			buildActionMask = 2147483647;
			files = (
			);
			inputPaths = (
			);
			name = "[CP] Check Pods Manifest.lock";
			outputPaths = (
			);
			runOnlyForDeploymentPostprocessing = 0;
			shellPath = /bin/sh;
			shellScript = "diff \"${PODS_ROOT}/../Podfile.lock\" \"${PODS_ROOT}/Manifest.lock\" > /dev/null\nif [ $? != 0 ] ; then\n    # print error to STDERR\n    echo \"error: The sandbox is not in sync with the Podfile.lock. Run 'pod install' or update your CocoaPods installation.\" >&2\n    exit 1\nfi\n";
			showEnvVarsInLog = 0;
		};
/* End PBXShellScriptBuildPhase section */

/* Begin PBXSourcesBuildPhase section */
		58D2AACE1E4ACB510084CE80 /* Sources */ = {
			isa = PBXSourcesBuildPhase;
			buildActionMask = 2147483647;
			files = (
				583BB5C51E4D9258000FDA44 /* CategoryBarView.swift in Sources */,
				58FCAAEB1E4C4414002F5B0A /* MeetingTopPanelContent.swift in Sources */,
				580FB47C1E52217A0057DA21 /* MainTabBarController.swift in Sources */,
				583BB5BD1E4D486B000FDA44 /* Constants.swift in Sources */,
				58CCD4B31E5A334E009B29F8 /* CommunityMyListViewController.swift in Sources */,
				58FCAADF1E4B276E002F5B0A /* MeetingViewBottomPanelCell.swift in Sources */,
				58D2AAD81E4ACB510084CE80 /* MeetingListViewController.swift in Sources */,
				5808951B1E52A47500F8D96B /* UserPageViewController.swift in Sources */,
				58FCAAED1E4C44A7002F5B0A /* MeetingBottomPanelContent.swift in Sources */,
				580A22BF1E557CD200CF6E83 /* MeetingGiverDetailCell.swift in Sources */,
				583BB5C71E4D9A73000FDA44 /* CategoryViewCell.swift in Sources */,
				5811210C1E4F0274004D1C85 /* SlideCoverCell.swift in Sources */,
				5808952E1E531B8700F8D96B /* Cache.swift in Sources */,
				580895281E52F74E00F8D96B /* UserFollowingCell.swift in Sources */,
				581121111E501DC0004D1C85 /* FirebaseDataService.swift in Sources */,
				5841BD641E5049DA001E6186 /* MeetingAddCell.swift in Sources */,
				5811210A1E4F0227004D1C85 /* SlideCell.swift in Sources */,
				58D2AB0F1E4ADC7A0084CE80 /* OnboardingCoverPageCell.swift in Sources */,
				580BCBCF1E5545D3007AFFE3 /* UserCell.swift in Sources */,
				58FCAAE71E4C382E002F5B0A /* CategoryMeetingViewCell.swift in Sources */,
				5808952C1E530F8C00F8D96B /* MinimizedMeetingCell.swift in Sources */,
				580895241E52E86200F8D96B /* UserInfoCell.swift in Sources */,
				58D2E2781E4CB4860084B2C9 /* MeetingListCell.swift in Sources */,
				5841BD6A1E50776E001E6186 /* MeetingAddViewController_ext.swift in Sources */,
				580CB5F71E4E6F85008658CA /* Meeting.swift in Sources */,
				580A22C11E56D9A400CF6E83 /* FollowerCell.swift in Sources */,
				581121131E501DCF004D1C85 /* RestApiDataService.swift in Sources */,
				580BCBCD1E54DFDE007AFFE3 /* ChattingWithNewOneViewController.swift in Sources */,
				583BB5C31E4D551A000FDA44 /* DownloadImageView.swift in Sources */,
				5841BD661E5049ED001E6186 /* MeetingAddCoverCell.swift in Sources */,
				580FB4801E5225E20057DA21 /* CommunityViewController.swift in Sources */,
				5807755D1E4ECB3A0092ED8F /* SlideViewController.swift in Sources */,
				5808952A1E52F78A00F8D96B /* MyProfileInfoCell.swift in Sources */,
				58FCAADD1E4B2756002F5B0A /* MeetingViewTopPanelCell.swift in Sources */,
				58CCD4B11E59330E009B29F8 /* ChatMessageCell.swift in Sources */,
				580FB4861E5232B70057DA21 /* SignInViewController.swift in Sources */,
				58FCAAE91E4C3A0D002F5B0A /* MeetingCategoryContent.swift in Sources */,
				58FCAAE31E4C2ADC002F5B0A /* RecommendedMeetingViewCell.swift in Sources */,
				580895301E5428F900F8D96B /* Users.swift in Sources */,
				58D2AADE1E4ACB510084CE80 /* tempus.xcdatamodeld in Sources */,
				58FCAAE11E4C2436002F5B0A /* MeetingViewController_ext.swift in Sources */,
				5811210E1E4F0280004D1C85 /* SlideDetailCell.swift in Sources */,
				5807755F1E4ECB6A0092ED8F /* DiaryViewController.swift in Sources */,
				580BCBD11E555BB8007AFFE3 /* Message.swift in Sources */,
				580895201E52C70E00F8D96B /* UserProfileViewCell.swift in Sources */,
				58D2AB0B1E4AD4330084CE80 /* OnboardingPageCell.swift in Sources */,
				58D2AB031E4ACEAB0084CE80 /* OnboardingViewController.swift in Sources */,
				58CCD4B51E5A8E8D009B29F8 /* SelfMadeMeetingListCell.swift in Sources */,
				58D2AB051E4ACEFB0084CE80 /* OnboardingViewController_ext.swift in Sources */,
				58FCAADB1E4B0663002F5B0A /* MeetingViewController.swift in Sources */,
				58D2AB091E4AD0D80084CE80 /* UIView_ext.swift in Sources */,
				580FB47E1E5225CD0057DA21 /* ChattingViewController.swift in Sources */,
				580FB4841E52260D0057DA21 /* SettingsViewController.swift in Sources */,
				58D2AB011E4ACE390084CE80 /* MainNavigationController.swift in Sources */,
				5841BD681E5049FA001E6186 /* MeetingAddDetailCell.swift in Sources */,
				58D2AB071E4AD07D0084CE80 /* OnboardingPage.swift in Sources */,
				58D2AB0D1E4AD48A0084CE80 /* BaseCell.swift in Sources */,
				580BCBCB1E54DA6F007AFFE3 /* ChattingHistoryViewController.swift in Sources */,
				58D2AAD61E4ACB510084CE80 /* AppDelegate.swift in Sources */,
				581121151E50415E004D1C85 /* MeetingAddViewController.swift in Sources */,
				580895261E52E87400F8D96B /* UserMeetingCell.swift in Sources */,
				5808951E1E52C55700F8D96B /* UserProfileBarView.swift in Sources */,
				583BB5BF1E4D4F9C000FDA44 /* MeetingCell.swift in Sources */,
				580A22DC1E57473B00CF6E83 /* UserProfileModifyCell.swift in Sources */,
				580FB4821E5225ED0057DA21 /* SignInRequiredViewController.swift in Sources */,
			);
			runOnlyForDeploymentPostprocessing = 0;
		};
		58D2AAE51E4ACB510084CE80 /* Sources */ = {
			isa = PBXSourcesBuildPhase;
			buildActionMask = 2147483647;
			files = (
				58D2AAEE1E4ACB510084CE80 /* tempusTests.swift in Sources */,
			);
			runOnlyForDeploymentPostprocessing = 0;
		};
/* End PBXSourcesBuildPhase section */

/* Begin PBXTargetDependency section */
		58D2AAEB1E4ACB510084CE80 /* PBXTargetDependency */ = {
			isa = PBXTargetDependency;
			target = 58D2AAD11E4ACB510084CE80 /* tempus */;
			targetProxy = 58D2AAEA1E4ACB510084CE80 /* PBXContainerItemProxy */;
		};
/* End PBXTargetDependency section */

/* Begin PBXVariantGroup section */
		58D2AAE11E4ACB510084CE80 /* LaunchScreen.storyboard */ = {
			isa = PBXVariantGroup;
			children = (
				58D2AAE21E4ACB510084CE80 /* Base */,
			);
			name = LaunchScreen.storyboard;
			sourceTree = "<group>";
		};
/* End PBXVariantGroup section */

/* Begin XCBuildConfiguration section */
		58D2AAF01E4ACB510084CE80 /* Debug */ = {
			isa = XCBuildConfiguration;
			buildSettings = {
				ALWAYS_SEARCH_USER_PATHS = NO;
				CLANG_ANALYZER_NONNULL = YES;
				CLANG_ANALYZER_NUMBER_OBJECT_CONVERSION = YES_AGGRESSIVE;
				CLANG_CXX_LANGUAGE_STANDARD = "gnu++0x";
				CLANG_CXX_LIBRARY = "libc++";
				CLANG_ENABLE_MODULES = YES;
				CLANG_ENABLE_OBJC_ARC = YES;
				CLANG_WARN_BOOL_CONVERSION = YES;
				CLANG_WARN_CONSTANT_CONVERSION = YES;
				CLANG_WARN_DIRECT_OBJC_ISA_USAGE = YES_ERROR;
				CLANG_WARN_DOCUMENTATION_COMMENTS = YES;
				CLANG_WARN_EMPTY_BODY = YES;
				CLANG_WARN_ENUM_CONVERSION = YES;
				CLANG_WARN_INFINITE_RECURSION = YES;
				CLANG_WARN_INT_CONVERSION = YES;
				CLANG_WARN_OBJC_ROOT_CLASS = YES_ERROR;
				CLANG_WARN_SUSPICIOUS_MOVE = YES;
				CLANG_WARN_UNREACHABLE_CODE = YES;
				CLANG_WARN__DUPLICATE_METHOD_MATCH = YES;
				"CODE_SIGN_IDENTITY[sdk=iphoneos*]" = "iPhone Developer";
				COPY_PHASE_STRIP = NO;
				DEBUG_INFORMATION_FORMAT = dwarf;
				ENABLE_STRICT_OBJC_MSGSEND = YES;
				ENABLE_TESTABILITY = YES;
				GCC_C_LANGUAGE_STANDARD = gnu99;
				GCC_DYNAMIC_NO_PIC = NO;
				GCC_NO_COMMON_BLOCKS = YES;
				GCC_OPTIMIZATION_LEVEL = 0;
				GCC_PREPROCESSOR_DEFINITIONS = (
					"DEBUG=1",
					"$(inherited)",
				);
				GCC_WARN_64_TO_32_BIT_CONVERSION = YES;
				GCC_WARN_ABOUT_RETURN_TYPE = YES_ERROR;
				GCC_WARN_UNDECLARED_SELECTOR = YES;
				GCC_WARN_UNINITIALIZED_AUTOS = YES_AGGRESSIVE;
				GCC_WARN_UNUSED_FUNCTION = YES;
				GCC_WARN_UNUSED_VARIABLE = YES;
				IPHONEOS_DEPLOYMENT_TARGET = 10.3;
				MTL_ENABLE_DEBUG_INFO = YES;
				ONLY_ACTIVE_ARCH = YES;
				SDKROOT = iphoneos;
				SWIFT_ACTIVE_COMPILATION_CONDITIONS = DEBUG;
				SWIFT_OPTIMIZATION_LEVEL = "-Onone";
				TARGETED_DEVICE_FAMILY = "1,2";
			};
			name = Debug;
		};
		58D2AAF11E4ACB510084CE80 /* Release */ = {
			isa = XCBuildConfiguration;
			buildSettings = {
				ALWAYS_SEARCH_USER_PATHS = NO;
				CLANG_ANALYZER_NONNULL = YES;
				CLANG_ANALYZER_NUMBER_OBJECT_CONVERSION = YES_AGGRESSIVE;
				CLANG_CXX_LANGUAGE_STANDARD = "gnu++0x";
				CLANG_CXX_LIBRARY = "libc++";
				CLANG_ENABLE_MODULES = YES;
				CLANG_ENABLE_OBJC_ARC = YES;
				CLANG_WARN_BOOL_CONVERSION = YES;
				CLANG_WARN_CONSTANT_CONVERSION = YES;
				CLANG_WARN_DIRECT_OBJC_ISA_USAGE = YES_ERROR;
				CLANG_WARN_DOCUMENTATION_COMMENTS = YES;
				CLANG_WARN_EMPTY_BODY = YES;
				CLANG_WARN_ENUM_CONVERSION = YES;
				CLANG_WARN_INFINITE_RECURSION = YES;
				CLANG_WARN_INT_CONVERSION = YES;
				CLANG_WARN_OBJC_ROOT_CLASS = YES_ERROR;
				CLANG_WARN_SUSPICIOUS_MOVE = YES;
				CLANG_WARN_UNREACHABLE_CODE = YES;
				CLANG_WARN__DUPLICATE_METHOD_MATCH = YES;
				"CODE_SIGN_IDENTITY[sdk=iphoneos*]" = "iPhone Developer";
				COPY_PHASE_STRIP = NO;
				DEBUG_INFORMATION_FORMAT = "dwarf-with-dsym";
				ENABLE_NS_ASSERTIONS = NO;
				ENABLE_STRICT_OBJC_MSGSEND = YES;
				GCC_C_LANGUAGE_STANDARD = gnu99;
				GCC_NO_COMMON_BLOCKS = YES;
				GCC_WARN_64_TO_32_BIT_CONVERSION = YES;
				GCC_WARN_ABOUT_RETURN_TYPE = YES_ERROR;
				GCC_WARN_UNDECLARED_SELECTOR = YES;
				GCC_WARN_UNINITIALIZED_AUTOS = YES_AGGRESSIVE;
				GCC_WARN_UNUSED_FUNCTION = YES;
				GCC_WARN_UNUSED_VARIABLE = YES;
				IPHONEOS_DEPLOYMENT_TARGET = 10.3;
				MTL_ENABLE_DEBUG_INFO = NO;
				SDKROOT = iphoneos;
				SWIFT_OPTIMIZATION_LEVEL = "-Owholemodule";
				TARGETED_DEVICE_FAMILY = "1,2";
				VALIDATE_PRODUCT = YES;
			};
			name = Release;
		};
		58D2AAF31E4ACB510084CE80 /* Debug */ = {
			isa = XCBuildConfiguration;
			baseConfigurationReference = 892E9543776C6747753C3B38 /* Pods-tempus.debug.xcconfig */;
			buildSettings = {
				ASSETCATALOG_COMPILER_APPICON_NAME = AppIcon;
				CODE_SIGN_ENTITLEMENTS = tempus/tempus.entitlements;
				"CODE_SIGN_IDENTITY[sdk=iphoneos*]" = "iPhone Developer";
				DEVELOPMENT_TEAM = R2ESGSL5P9;
				INFOPLIST_FILE = tempus/Info.plist;
				IPHONEOS_DEPLOYMENT_TARGET = 10.2;
				LD_RUNPATH_SEARCH_PATHS = "$(inherited) @executable_path/Frameworks";
				PRODUCT_BUNDLE_IDENTIFIER = boostcamp.tempus;
				PRODUCT_NAME = "$(TARGET_NAME)";
				PROVISIONING_PROFILE_SPECIFIER = "";
				SWIFT_VERSION = 3.0;
			};
			name = Debug;
		};
		58D2AAF41E4ACB510084CE80 /* Release */ = {
			isa = XCBuildConfiguration;
			baseConfigurationReference = 1B46B7A0A187E515B862B170 /* Pods-tempus.release.xcconfig */;
			buildSettings = {
				ASSETCATALOG_COMPILER_APPICON_NAME = AppIcon;
				CODE_SIGN_ENTITLEMENTS = tempus/tempus.entitlements;
				"CODE_SIGN_IDENTITY[sdk=iphoneos*]" = "iPhone Developer";
				DEVELOPMENT_TEAM = R2ESGSL5P9;
				INFOPLIST_FILE = tempus/Info.plist;
				IPHONEOS_DEPLOYMENT_TARGET = 10.2;
				LD_RUNPATH_SEARCH_PATHS = "$(inherited) @executable_path/Frameworks";
				PRODUCT_BUNDLE_IDENTIFIER = boostcamp.tempus;
				PRODUCT_NAME = "$(TARGET_NAME)";
				PROVISIONING_PROFILE_SPECIFIER = "";
				SWIFT_VERSION = 3.0;
			};
			name = Release;
		};
		58D2AAF61E4ACB510084CE80 /* Debug */ = {
			isa = XCBuildConfiguration;
			baseConfigurationReference = 6ACF8EEB4B7DD734752E04BE /* Pods-tempusTests.debug.xcconfig */;
			buildSettings = {
				ALWAYS_EMBED_SWIFT_STANDARD_LIBRARIES = YES;
				BUNDLE_LOADER = "$(TEST_HOST)";
				INFOPLIST_FILE = tempusTests/Info.plist;
				LD_RUNPATH_SEARCH_PATHS = "$(inherited) @executable_path/Frameworks @loader_path/Frameworks";
				PRODUCT_BUNDLE_IDENTIFIER = boostcamp.tempusTests;
				PRODUCT_NAME = "$(TARGET_NAME)";
				SWIFT_VERSION = 3.0;
				TEST_HOST = "$(BUILT_PRODUCTS_DIR)/tempus.app/tempus";
			};
			name = Debug;
		};
		58D2AAF71E4ACB510084CE80 /* Release */ = {
			isa = XCBuildConfiguration;
			baseConfigurationReference = 4514D91D6E2255B2CF063585 /* Pods-tempusTests.release.xcconfig */;
			buildSettings = {
				ALWAYS_EMBED_SWIFT_STANDARD_LIBRARIES = YES;
				BUNDLE_LOADER = "$(TEST_HOST)";
				INFOPLIST_FILE = tempusTests/Info.plist;
				LD_RUNPATH_SEARCH_PATHS = "$(inherited) @executable_path/Frameworks @loader_path/Frameworks";
				PRODUCT_BUNDLE_IDENTIFIER = boostcamp.tempusTests;
				PRODUCT_NAME = "$(TARGET_NAME)";
				SWIFT_VERSION = 3.0;
				TEST_HOST = "$(BUILT_PRODUCTS_DIR)/tempus.app/tempus";
			};
			name = Release;
		};
/* End XCBuildConfiguration section */

/* Begin XCConfigurationList section */
		58D2AACD1E4ACB510084CE80 /* Build configuration list for PBXProject "tempus" */ = {
			isa = XCConfigurationList;
			buildConfigurations = (
				58D2AAF01E4ACB510084CE80 /* Debug */,
				58D2AAF11E4ACB510084CE80 /* Release */,
			);
			defaultConfigurationIsVisible = 0;
			defaultConfigurationName = Release;
		};
		58D2AAF21E4ACB510084CE80 /* Build configuration list for PBXNativeTarget "tempus" */ = {
			isa = XCConfigurationList;
			buildConfigurations = (
				58D2AAF31E4ACB510084CE80 /* Debug */,
				58D2AAF41E4ACB510084CE80 /* Release */,
			);
			defaultConfigurationIsVisible = 0;
			defaultConfigurationName = Release;
		};
		58D2AAF51E4ACB510084CE80 /* Build configuration list for PBXNativeTarget "tempusTests" */ = {
			isa = XCConfigurationList;
			buildConfigurations = (
				58D2AAF61E4ACB510084CE80 /* Debug */,
				58D2AAF71E4ACB510084CE80 /* Release */,
			);
			defaultConfigurationIsVisible = 0;
			defaultConfigurationName = Release;
		};
/* End XCConfigurationList section */

/* Begin XCVersionGroup section */
		58D2AADC1E4ACB510084CE80 /* tempus.xcdatamodeld */ = {
			isa = XCVersionGroup;
			children = (
				58D2AADD1E4ACB510084CE80 /* tempus.xcdatamodel */,
			);
			currentVersion = 58D2AADD1E4ACB510084CE80 /* tempus.xcdatamodel */;
			path = tempus.xcdatamodeld;
			sourceTree = "<group>";
			versionGroupType = wrapper.xcdatamodel;
		};
/* End XCVersionGroup section */
	};
	rootObject = 58D2AACA1E4ACB510084CE80 /* Project object */;
}
